
Microsoft Visual Studio Solution File, Format Version 12.00
# Visual Studio Version 16
VisualStudioVersion = 16.0.29025.244
MinimumVisualStudioVersion = 10.0.40219.1
Project("{FAE04EC0-301F-11D3-BF4B-00C04F79EFBC}") = "Entidades", "Entidades\Entidades.csproj", "{C1AAF85C-7A09-41A5-9031-B3E610E4E1FF}"
EndProject
Project("{FAE04EC0-301F-11D3-BF4B-00C04F79EFBC}") = "VistaConsola", "VistaConsola\VistaConsola.csproj", "{93FA7301-1EE5-4964-94DC-CD673C2DE856}"
EndProject
Project("{FAE04EC0-301F-11D3-BF4B-00C04F79EFBC}") = "VistaForm", "VistaForm\VistaForm.csproj", "{02CED208-21E4-418E-9607-B8D2162494AD}"
EndProject
Global
	GlobalSection(SolutionConfigurationPlatforms) = preSolution
		Debug|Any CPU = Debug|Any CPU
		Release|Any CPU = Release|Any CPU
	EndGlobalSection
	GlobalSection(ProjectConfigurationPlatforms) = postSolution
		{C1AAF85C-7A09-41A5-9031-B3E610E4E1FF}.Debug|Any CPU.ActiveCfg = Debug|Any CPU
		{C1AAF85C-7A09-41A5-9031-B3E610E4E1FF}.Debug|Any CPU.Build.0 = Debug|Any CPU
		{C1AAF85C-7A09-41A5-9031-B3E610E4E1FF}.Release|Any CPU.ActiveCfg = Release|Any CPU
		{C1AAF85C-7A09-41A5-9031-B3E610E4E1FF}.Release|Any CPU.Build.0 = Release|Any CPU
		{93FA7301-1EE5-4964-94DC-CD673C2DE856}.Debug|Any CPU.ActiveCfg = Debug|Any CPU
		{93FA7301-1EE5-4964-94DC-CD673C2DE856}.Debug|Any CPU.Build.0 = Debug|Any CPU
		{93FA7301-1EE5-4964-94DC-CD673C2DE856}.Release|Any CPU.ActiveCfg = Release|Any CPU
		{93FA7301-1EE5-4964-94DC-CD673C2DE856}.Release|Any CPU.Build.0 = Release|Any CPU
		{02CED208-21E4-418E-9607-B8D2162494AD}.Debug|Any CPU.ActiveCfg = Debug|Any CPU
		{02CED208-21E4-418E-9607-B8D2162494AD}.Debug|Any CPU.Build.0 = Debug|Any CPU
		{02CED208-21E4-418E-9607-B8D2162494AD}.Release|Any CPU.ActiveCfg = Release|Any CPU
		{02CED208-21E4-418E-9607-B8D2162494AD}.Release|Any CPU.Build.0 = Release|Any CPU
	EndGlobalSection
	GlobalSection(SolutionProperties) = preSolution
		HideSolutionNode = FALSE
	EndGlobalSection
	GlobalSection(ExtensibilityGlobals) = postSolution
		SolutionGuid = {DF3752DF-6885-4825-AA1E-05F14C11657D}
	EndGlobalSection
EndGlobal
