
Microsoft Visual Studio Solution File, Format Version 12.00
# Visual Studio Version 16
VisualStudioVersion = 16.0.29025.244
MinimumVisualStudioVersion = 10.0.40219.1
Project("{FAE04EC0-301F-11D3-BF4B-00C04F79EFBC}") = "Ejercicio_29", "Ejercicio_29.csproj", "{C33CDC02-136F-4BED-AD0D-4DB1DF7BDD47}"
EndProject
Project("{FAE04EC0-301F-11D3-BF4B-00C04F79EFBC}") = "Deportes", "..\Deportes\Deportes.csproj", "{3B17D5B9-BC78-476B-883D-061AA77D3FDF}"
EndProject
Global
	GlobalSection(SolutionConfigurationPlatforms) = preSolution
		Debug|Any CPU = Debug|Any CPU
		Release|Any CPU = Release|Any CPU
	EndGlobalSection
	GlobalSection(ProjectConfigurationPlatforms) = postSolution
		{C33CDC02-136F-4BED-AD0D-4DB1DF7BDD47}.Debug|Any CPU.ActiveCfg = Debug|Any CPU
		{C33CDC02-136F-4BED-AD0D-4DB1DF7BDD47}.Debug|Any CPU.Build.0 = Debug|Any CPU
		{C33CDC02-136F-4BED-AD0D-4DB1DF7BDD47}.Release|Any CPU.ActiveCfg = Release|Any CPU
		{C33CDC02-136F-4BED-AD0D-4DB1DF7BDD47}.Release|Any CPU.Build.0 = Release|Any CPU
		{3B17D5B9-BC78-476B-883D-061AA77D3FDF}.Debug|Any CPU.ActiveCfg = Debug|Any CPU
		{3B17D5B9-BC78-476B-883D-061AA77D3FDF}.Debug|Any CPU.Build.0 = Debug|Any CPU
		{3B17D5B9-BC78-476B-883D-061AA77D3FDF}.Release|Any CPU.ActiveCfg = Release|Any CPU
		{3B17D5B9-BC78-476B-883D-061AA77D3FDF}.Release|Any CPU.Build.0 = Release|Any CPU
	EndGlobalSection
	GlobalSection(SolutionProperties) = preSolution
		HideSolutionNode = FALSE
	EndGlobalSection
	GlobalSection(ExtensibilityGlobals) = postSolution
		SolutionGuid = {12A40BDF-1271-40DB-9C4D-6FA368117CC9}
	EndGlobalSection
EndGlobal
