
Microsoft Visual Studio Solution File, Format Version 12.00
# Visual Studio Version 16
VisualStudioVersion = 16.0.29025.244
MinimumVisualStudioVersion = 10.0.40219.1
Project("{FAE04EC0-301F-11D3-BF4B-00C04F79EFBC}") = "Ejercicio I", "Ejercicio I.csproj", "{713A8FB0-2039-4AD2-BC15-B2FD82B30956}"
EndProject
Project("{FAE04EC0-301F-11D3-BF4B-00C04F79EFBC}") = "Ejercicio II", "..\Ejercicio II\Ejercicio II.csproj", "{245548A2-7E27-4E9F-B218-7E42AB5BDDF3}"
EndProject
Project("{FAE04EC0-301F-11D3-BF4B-00C04F79EFBC}") = "Ejercicio III", "..\Ejercicio III\Ejercicio III.csproj", "{9060B4BD-C661-4A5F-BF9D-512120CA3E02}"
EndProject
Project("{FAE04EC0-301F-11D3-BF4B-00C04F79EFBC}") = "Ejercicio IV", "..\Ejercicio IV\Ejercicio IV.csproj", "{92BFF7C8-A7CD-4DFB-9795-D18BE414C21E}"
EndProject
Project("{FAE04EC0-301F-11D3-BF4B-00C04F79EFBC}") = "Ejercicio V", "..\Ejercicio 5\Ejercicio V.csproj", "{8172505E-1A40-433D-A771-C0E9E9279919}"
EndProject
Project("{FAE04EC0-301F-11D3-BF4B-00C04F79EFBC}") = "Ejercicio VI", "Ejercicio VI\Ejercicio VI.csproj", "{200F8EA7-776C-408B-B752-6BDB4C2A17A2}"
EndProject
Project("{FAE04EC0-301F-11D3-BF4B-00C04F79EFBC}") = "Ejercicio VII", "Ejercicio VII\Ejercicio VII.csproj", "{6ADAA7EE-3919-4768-816A-1619AF9BCA69}"
EndProject
Project("{FAE04EC0-301F-11D3-BF4B-00C04F79EFBC}") = "Ejercicio XI", "..\ConsoleApp1\Ejercicio XI.csproj", "{E1B9D05A-DF9F-4960-9406-A1FD93B09B55}"
EndProject
Project("{FAE04EC0-301F-11D3-BF4B-00C04F79EFBC}") = "Ejercicio XII", "Ejercicio XII\Ejercicio XII.csproj", "{0FF08FB4-3CBF-464B-B172-545534576477}"
EndProject
Project("{FAE04EC0-301F-11D3-BF4B-00C04F79EFBC}") = "Ejercicio_ XIII", "Ejercicio_ XIII\Ejercicio_ XIII.csproj", "{6432AACC-595F-4215-A5CA-F20CBD2792E7}"
EndProject
Project("{FAE04EC0-301F-11D3-BF4B-00C04F79EFBC}") = "Ejercicio_XVII", "..\Ejercicio_XVII\Ejercicio_XVII.csproj", "{DC4B1DA6-785F-4B9D-8B26-5CF9E53C49C9}"
EndProject
Project("{FAE04EC0-301F-11D3-BF4B-00C04F79EFBC}") = "PruebaGeometria", "PruebaGeometria\PruebaGeometria.csproj", "{2BD9B18A-A894-4B4D-A93E-4C15B19C27DE}"
EndProject
Project("{FAE04EC0-301F-11D3-BF4B-00C04F79EFBC}") = "Ejercicio XIX", "..\Ejercicio XIX\Ejercicio XIX.csproj", "{9A359BDA-33C1-471A-882C-C7D1829323B2}"
EndProject
Global
	GlobalSection(SolutionConfigurationPlatforms) = preSolution
		Debug|Any CPU = Debug|Any CPU
		Release|Any CPU = Release|Any CPU
	EndGlobalSection
	GlobalSection(ProjectConfigurationPlatforms) = postSolution
		{713A8FB0-2039-4AD2-BC15-B2FD82B30956}.Debug|Any CPU.ActiveCfg = Debug|Any CPU
		{713A8FB0-2039-4AD2-BC15-B2FD82B30956}.Debug|Any CPU.Build.0 = Debug|Any CPU
		{713A8FB0-2039-4AD2-BC15-B2FD82B30956}.Release|Any CPU.ActiveCfg = Release|Any CPU
		{713A8FB0-2039-4AD2-BC15-B2FD82B30956}.Release|Any CPU.Build.0 = Release|Any CPU
		{245548A2-7E27-4E9F-B218-7E42AB5BDDF3}.Debug|Any CPU.ActiveCfg = Debug|Any CPU
		{245548A2-7E27-4E9F-B218-7E42AB5BDDF3}.Debug|Any CPU.Build.0 = Debug|Any CPU
		{245548A2-7E27-4E9F-B218-7E42AB5BDDF3}.Release|Any CPU.ActiveCfg = Release|Any CPU
		{245548A2-7E27-4E9F-B218-7E42AB5BDDF3}.Release|Any CPU.Build.0 = Release|Any CPU
		{9060B4BD-C661-4A5F-BF9D-512120CA3E02}.Debug|Any CPU.ActiveCfg = Debug|Any CPU
		{9060B4BD-C661-4A5F-BF9D-512120CA3E02}.Debug|Any CPU.Build.0 = Debug|Any CPU
		{9060B4BD-C661-4A5F-BF9D-512120CA3E02}.Release|Any CPU.ActiveCfg = Release|Any CPU
		{9060B4BD-C661-4A5F-BF9D-512120CA3E02}.Release|Any CPU.Build.0 = Release|Any CPU
		{92BFF7C8-A7CD-4DFB-9795-D18BE414C21E}.Debug|Any CPU.ActiveCfg = Debug|Any CPU
		{92BFF7C8-A7CD-4DFB-9795-D18BE414C21E}.Debug|Any CPU.Build.0 = Debug|Any CPU
		{92BFF7C8-A7CD-4DFB-9795-D18BE414C21E}.Release|Any CPU.ActiveCfg = Release|Any CPU
		{92BFF7C8-A7CD-4DFB-9795-D18BE414C21E}.Release|Any CPU.Build.0 = Release|Any CPU
		{8172505E-1A40-433D-A771-C0E9E9279919}.Debug|Any CPU.ActiveCfg = Debug|Any CPU
		{8172505E-1A40-433D-A771-C0E9E9279919}.Debug|Any CPU.Build.0 = Debug|Any CPU
		{8172505E-1A40-433D-A771-C0E9E9279919}.Release|Any CPU.ActiveCfg = Release|Any CPU
		{8172505E-1A40-433D-A771-C0E9E9279919}.Release|Any CPU.Build.0 = Release|Any CPU
		{200F8EA7-776C-408B-B752-6BDB4C2A17A2}.Debug|Any CPU.ActiveCfg = Debug|Any CPU
		{200F8EA7-776C-408B-B752-6BDB4C2A17A2}.Debug|Any CPU.Build.0 = Debug|Any CPU
		{200F8EA7-776C-408B-B752-6BDB4C2A17A2}.Release|Any CPU.ActiveCfg = Release|Any CPU
		{200F8EA7-776C-408B-B752-6BDB4C2A17A2}.Release|Any CPU.Build.0 = Release|Any CPU
		{6ADAA7EE-3919-4768-816A-1619AF9BCA69}.Debug|Any CPU.ActiveCfg = Debug|Any CPU
		{6ADAA7EE-3919-4768-816A-1619AF9BCA69}.Debug|Any CPU.Build.0 = Debug|Any CPU
		{6ADAA7EE-3919-4768-816A-1619AF9BCA69}.Release|Any CPU.ActiveCfg = Release|Any CPU
		{6ADAA7EE-3919-4768-816A-1619AF9BCA69}.Release|Any CPU.Build.0 = Release|Any CPU
		{E1B9D05A-DF9F-4960-9406-A1FD93B09B55}.Debug|Any CPU.ActiveCfg = Debug|Any CPU
		{E1B9D05A-DF9F-4960-9406-A1FD93B09B55}.Debug|Any CPU.Build.0 = Debug|Any CPU
		{E1B9D05A-DF9F-4960-9406-A1FD93B09B55}.Release|Any CPU.ActiveCfg = Release|Any CPU
		{E1B9D05A-DF9F-4960-9406-A1FD93B09B55}.Release|Any CPU.Build.0 = Release|Any CPU
		{0FF08FB4-3CBF-464B-B172-545534576477}.Debug|Any CPU.ActiveCfg = Debug|Any CPU
		{0FF08FB4-3CBF-464B-B172-545534576477}.Debug|Any CPU.Build.0 = Debug|Any CPU
		{0FF08FB4-3CBF-464B-B172-545534576477}.Release|Any CPU.ActiveCfg = Release|Any CPU
		{0FF08FB4-3CBF-464B-B172-545534576477}.Release|Any CPU.Build.0 = Release|Any CPU
		{6432AACC-595F-4215-A5CA-F20CBD2792E7}.Debug|Any CPU.ActiveCfg = Debug|Any CPU
		{6432AACC-595F-4215-A5CA-F20CBD2792E7}.Debug|Any CPU.Build.0 = Debug|Any CPU
		{6432AACC-595F-4215-A5CA-F20CBD2792E7}.Release|Any CPU.ActiveCfg = Release|Any CPU
		{6432AACC-595F-4215-A5CA-F20CBD2792E7}.Release|Any CPU.Build.0 = Release|Any CPU
		{DC4B1DA6-785F-4B9D-8B26-5CF9E53C49C9}.Debug|Any CPU.ActiveCfg = Debug|Any CPU
		{DC4B1DA6-785F-4B9D-8B26-5CF9E53C49C9}.Debug|Any CPU.Build.0 = Debug|Any CPU
		{DC4B1DA6-785F-4B9D-8B26-5CF9E53C49C9}.Release|Any CPU.ActiveCfg = Release|Any CPU
		{DC4B1DA6-785F-4B9D-8B26-5CF9E53C49C9}.Release|Any CPU.Build.0 = Release|Any CPU
		{2BD9B18A-A894-4B4D-A93E-4C15B19C27DE}.Debug|Any CPU.ActiveCfg = Debug|Any CPU
		{2BD9B18A-A894-4B4D-A93E-4C15B19C27DE}.Debug|Any CPU.Build.0 = Debug|Any CPU
		{2BD9B18A-A894-4B4D-A93E-4C15B19C27DE}.Release|Any CPU.ActiveCfg = Release|Any CPU
		{2BD9B18A-A894-4B4D-A93E-4C15B19C27DE}.Release|Any CPU.Build.0 = Release|Any CPU
		{9A359BDA-33C1-471A-882C-C7D1829323B2}.Debug|Any CPU.ActiveCfg = Debug|Any CPU
		{9A359BDA-33C1-471A-882C-C7D1829323B2}.Debug|Any CPU.Build.0 = Debug|Any CPU
		{9A359BDA-33C1-471A-882C-C7D1829323B2}.Release|Any CPU.ActiveCfg = Release|Any CPU
		{9A359BDA-33C1-471A-882C-C7D1829323B2}.Release|Any CPU.Build.0 = Release|Any CPU
	EndGlobalSection
	GlobalSection(SolutionProperties) = preSolution
		HideSolutionNode = FALSE
	EndGlobalSection
	GlobalSection(ExtensibilityGlobals) = postSolution
		SolutionGuid = {B10B377C-CE55-4C34-AAAE-8235DE05ABD8}
	EndGlobalSection
EndGlobal
