
Microsoft Visual Studio Solution File, Format Version 12.00
# Visual Studio 15
VisualStudioVersion = 15.0.28307.106
MinimumVisualStudioVersion = 10.0.40219.1
Project("{FAE04EC0-301F-11D3-BF4B-00C04F79EFBC}") = "ControlesUsuario", "ControlesUsuario\ControlesUsuario.csproj", "{52D0DE5B-ABFB-404A-B815-0493B4970F57}"
EndProject
Project("{FAE04EC0-301F-11D3-BF4B-00C04F79EFBC}") = "Examen", "Examne\Examen.csproj", "{548552E4-B5EE-40AA-A61D-02B8A4B8C2C0}"
EndProject
Project("{FAE04EC0-301F-11D3-BF4B-00C04F79EFBC}") = "FrmCantina", "FrmCantina\FrmCantina.csproj", "{6A49ABA8-F883-4241-BA1C-162C9AB13E1C}"
EndProject
Global
	GlobalSection(SolutionConfigurationPlatforms) = preSolution
		Debug|Any CPU = Debug|Any CPU
		Release|Any CPU = Release|Any CPU
	EndGlobalSection
	GlobalSection(ProjectConfigurationPlatforms) = postSolution
		{52D0DE5B-ABFB-404A-B815-0493B4970F57}.Debug|Any CPU.ActiveCfg = Debug|Any CPU
		{52D0DE5B-ABFB-404A-B815-0493B4970F57}.Debug|Any CPU.Build.0 = Debug|Any CPU
		{52D0DE5B-ABFB-404A-B815-0493B4970F57}.Release|Any CPU.ActiveCfg = Release|Any CPU
		{52D0DE5B-ABFB-404A-B815-0493B4970F57}.Release|Any CPU.Build.0 = Release|Any CPU
		{548552E4-B5EE-40AA-A61D-02B8A4B8C2C0}.Debug|Any CPU.ActiveCfg = Debug|Any CPU
		{548552E4-B5EE-40AA-A61D-02B8A4B8C2C0}.Debug|Any CPU.Build.0 = Debug|Any CPU
		{548552E4-B5EE-40AA-A61D-02B8A4B8C2C0}.Release|Any CPU.ActiveCfg = Release|Any CPU
		{548552E4-B5EE-40AA-A61D-02B8A4B8C2C0}.Release|Any CPU.Build.0 = Release|Any CPU
		{6A49ABA8-F883-4241-BA1C-162C9AB13E1C}.Debug|Any CPU.ActiveCfg = Debug|Any CPU
		{6A49ABA8-F883-4241-BA1C-162C9AB13E1C}.Debug|Any CPU.Build.0 = Debug|Any CPU
		{6A49ABA8-F883-4241-BA1C-162C9AB13E1C}.Release|Any CPU.ActiveCfg = Release|Any CPU
		{6A49ABA8-F883-4241-BA1C-162C9AB13E1C}.Release|Any CPU.Build.0 = Release|Any CPU
	EndGlobalSection
	GlobalSection(SolutionProperties) = preSolution
		HideSolutionNode = FALSE
	EndGlobalSection
	GlobalSection(ExtensibilityGlobals) = postSolution
		SolutionGuid = {D854A4E4-4A70-41CE-989B-E802380E556F}
	EndGlobalSection
EndGlobal
