
Microsoft Visual Studio Solution File, Format Version 12.00
# Visual Studio Version 16
VisualStudioVersion = 16.0.29025.244
MinimumVisualStudioVersion = 10.0.40219.1
Project("{FAE04EC0-301F-11D3-BF4B-00C04F79EFBC}") = "Ejercicio_26", "Ejercicio_26.csproj", "{05B48B9C-9E9D-4130-9A62-06A8DBC9BF4F}"
EndProject
Global
	GlobalSection(SolutionConfigurationPlatforms) = preSolution
		Debug|Any CPU = Debug|Any CPU
		Release|Any CPU = Release|Any CPU
	EndGlobalSection
	GlobalSection(ProjectConfigurationPlatforms) = postSolution
		{05B48B9C-9E9D-4130-9A62-06A8DBC9BF4F}.Debug|Any CPU.ActiveCfg = Debug|Any CPU
		{05B48B9C-9E9D-4130-9A62-06A8DBC9BF4F}.Debug|Any CPU.Build.0 = Debug|Any CPU
		{05B48B9C-9E9D-4130-9A62-06A8DBC9BF4F}.Release|Any CPU.ActiveCfg = Release|Any CPU
		{05B48B9C-9E9D-4130-9A62-06A8DBC9BF4F}.Release|Any CPU.Build.0 = Release|Any CPU
	EndGlobalSection
	GlobalSection(SolutionProperties) = preSolution
		HideSolutionNode = FALSE
	EndGlobalSection
	GlobalSection(ExtensibilityGlobals) = postSolution
		SolutionGuid = {47107F75-5461-4D97-AFD7-40337D2B9420}
	EndGlobalSection
EndGlobal
